
Microsoft Visual Studio Solution File, Format Version 11.00
# Visual Studio 2010
Project("{FAE04EC0-301F-11D3-BF4B-00C04F79EFBC}") = "Iya", "Iya\Iya.csproj", "{51A98C0F-1FAD-4B04-8CB2-9E2CC12B4FE2}"
EndProject
Global
	GlobalSection(SolutionConfigurationPlatforms) = preSolution
		Debug|iPhoneSimulator = Debug|iPhoneSimulator
		Release|iPhoneSimulator = Release|iPhoneSimulator
		Debug|iPhone = Debug|iPhone
		Release|iPhone = Release|iPhone
		Ad-Hoc|iPhone = Ad-Hoc|iPhone
		AppStore|iPhone = AppStore|iPhone
	EndGlobalSection
	GlobalSection(ProjectConfigurationPlatforms) = postSolution
		{51A98C0F-1FAD-4B04-8CB2-9E2CC12B4FE2}.Ad-Hoc|iPhone.ActiveCfg = Ad-Hoc|iPhone
		{51A98C0F-1FAD-4B04-8CB2-9E2CC12B4FE2}.Ad-Hoc|iPhone.Build.0 = Ad-Hoc|iPhone
		{51A98C0F-1FAD-4B04-8CB2-9E2CC12B4FE2}.AppStore|iPhone.ActiveCfg = AppStore|iPhone
		{51A98C0F-1FAD-4B04-8CB2-9E2CC12B4FE2}.AppStore|iPhone.Build.0 = AppStore|iPhone
		{51A98C0F-1FAD-4B04-8CB2-9E2CC12B4FE2}.Debug|iPhone.ActiveCfg = Debug|iPhone
		{51A98C0F-1FAD-4B04-8CB2-9E2CC12B4FE2}.Debug|iPhone.Build.0 = Debug|iPhone
		{51A98C0F-1FAD-4B04-8CB2-9E2CC12B4FE2}.Debug|iPhoneSimulator.ActiveCfg = Debug|iPhoneSimulator
		{51A98C0F-1FAD-4B04-8CB2-9E2CC12B4FE2}.Debug|iPhoneSimulator.Build.0 = Debug|iPhoneSimulator
		{51A98C0F-1FAD-4B04-8CB2-9E2CC12B4FE2}.Release|iPhone.ActiveCfg = Release|iPhone
		{51A98C0F-1FAD-4B04-8CB2-9E2CC12B4FE2}.Release|iPhone.Build.0 = Release|iPhone
		{51A98C0F-1FAD-4B04-8CB2-9E2CC12B4FE2}.Release|iPhoneSimulator.ActiveCfg = Release|iPhoneSimulator
		{51A98C0F-1FAD-4B04-8CB2-9E2CC12B4FE2}.Release|iPhoneSimulator.Build.0 = Release|iPhoneSimulator
	EndGlobalSection
	GlobalSection(MonoDevelopProperties) = preSolution
		StartupItem = Iya\Iya.csproj
	EndGlobalSection
EndGlobal
